
Microsoft Visual Studio Solution File, Format Version 12.00
# Visual Studio Version 16
VisualStudioVersion = 16.0.30413.136
MinimumVisualStudioVersion = 10.0.40219.1
Project("{FAE04EC0-301F-11D3-BF4B-00C04F79EFBC}") = "1° Trabajo Práctico Lab II", "1° Trabajo Práctico Lab II\1° Trabajo Práctico Lab II.csproj", "{A625F2AE-FA84-4D0A-8C6A-C861D8EA832A}"
EndProject
Global
	GlobalSection(SolutionConfigurationPlatforms) = preSolution
		Debug|Any CPU = Debug|Any CPU
		Release|Any CPU = Release|Any CPU
	EndGlobalSection
	GlobalSection(ProjectConfigurationPlatforms) = postSolution
		{A625F2AE-FA84-4D0A-8C6A-C861D8EA832A}.Debug|Any CPU.ActiveCfg = Debug|Any CPU
		{A625F2AE-FA84-4D0A-8C6A-C861D8EA832A}.Debug|Any CPU.Build.0 = Debug|Any CPU
		{A625F2AE-FA84-4D0A-8C6A-C861D8EA832A}.Release|Any CPU.ActiveCfg = Release|Any CPU
		{A625F2AE-FA84-4D0A-8C6A-C861D8EA832A}.Release|Any CPU.Build.0 = Release|Any CPU
	EndGlobalSection
	GlobalSection(SolutionProperties) = preSolution
		HideSolutionNode = FALSE
	EndGlobalSection
	GlobalSection(ExtensibilityGlobals) = postSolution
		SolutionGuid = {77DE0F3E-9CD4-4D70-9772-20AFF61C7203}
	EndGlobalSection
EndGlobal
